
Microsoft Visual Studio Solution File, Format Version 12.00
# Visual Studio Version 17
VisualStudioVersion = 17.4.33122.133
MinimumVisualStudioVersion = 10.0.40219.1
Project("{FAE04EC0-301F-11D3-BF4B-00C04F79EFBC}") = "My_Todo_App", "My_Todo_App\My_Todo_App.csproj", "{E1FC4366-5135-46F3-A286-99BC21343054}"
EndProject
Global
	GlobalSection(SolutionConfigurationPlatforms) = preSolution
		Debug|Any CPU = Debug|Any CPU
		Release|Any CPU = Release|Any CPU
	EndGlobalSection
	GlobalSection(ProjectConfigurationPlatforms) = postSolution
		{E1FC4366-5135-46F3-A286-99BC21343054}.Debug|Any CPU.ActiveCfg = Debug|Any CPU
		{E1FC4366-5135-46F3-A286-99BC21343054}.Debug|Any CPU.Build.0 = Debug|Any CPU
		{E1FC4366-5135-46F3-A286-99BC21343054}.Release|Any CPU.ActiveCfg = Release|Any CPU
		{E1FC4366-5135-46F3-A286-99BC21343054}.Release|Any CPU.Build.0 = Release|Any CPU
	EndGlobalSection
	GlobalSection(SolutionProperties) = preSolution
		HideSolutionNode = FALSE
	EndGlobalSection
	GlobalSection(ExtensibilityGlobals) = postSolution
		SolutionGuid = {E32CE896-B558-42D3-9BDE-958127F93782}
	EndGlobalSection
EndGlobal
